
Microsoft Visual Studio Solution File, Format Version 12.00
# Visual Studio 15
VisualStudioVersion = 15.0.26730.8
MinimumVisualStudioVersion = 10.0.40219.1
Project("{FAE04EC0-301F-11D3-BF4B-00C04F79EFBC}") = "FeedingTrough", "FeedingTrough\FeedingTrough.csproj", "{75EC8CCB-4679-4A79-BA8E-B9EF0CAED46F}"
EndProject
Global
	GlobalSection(SolutionConfigurationPlatforms) = preSolution
		Debug|Any CPU = Debug|Any CPU
		Release|Any CPU = Release|Any CPU
	EndGlobalSection
	GlobalSection(ProjectConfigurationPlatforms) = postSolution
		{75EC8CCB-4679-4A79-BA8E-B9EF0CAED46F}.Debug|Any CPU.ActiveCfg = Debug|Any CPU
		{75EC8CCB-4679-4A79-BA8E-B9EF0CAED46F}.Debug|Any CPU.Build.0 = Debug|Any CPU
		{75EC8CCB-4679-4A79-BA8E-B9EF0CAED46F}.Release|Any CPU.ActiveCfg = Release|Any CPU
		{75EC8CCB-4679-4A79-BA8E-B9EF0CAED46F}.Release|Any CPU.Build.0 = Release|Any CPU
	EndGlobalSection
	GlobalSection(SolutionProperties) = preSolution
		HideSolutionNode = FALSE
	EndGlobalSection
	GlobalSection(ExtensibilityGlobals) = postSolution
		SolutionGuid = {7B3516AE-D3AB-4027-B479-13C9E431CA17}
	EndGlobalSection
EndGlobal
